// !$*UTF8*$!
{
	archiveVersion = 1;
	classes = {
	};
	objectVersion = 56;
	objects = {

/* Begin PBXBuildFile section */
		EB0EC22C2C5DFC2B000D464E /* CA_SortDropDownList.swift in Sources */ = {isa = PBXBuildFile; fileRef = EB0EC22B2C5DFC2B000D464E /* CA_SortDropDownList.swift */; };
		EB0EC2382C619718000D464E /* CSIDAssistPlusFoodDatabase.db in Resources */ = {isa = PBXBuildFile; fileRef = EB0EC2372C619718000D464E /* CSIDAssistPlusFoodDatabase.db */; };
		EB0EC23A2C650CC5000D464E /* CA_ScopeButtonView.swift in Sources */ = {isa = PBXBuildFile; fileRef = EB0EC2392C650CC5000D464E /* CA_ScopeButtonView.swift */; };
		EB0EC2882C696405000D464E /* CA_HipsterEncouragementView.swift in Sources */ = {isa = PBXBuildFile; fileRef = EB0EC2872C696405000D464E /* CA_HipsterEncouragementView.swift */; };
		EB0EC28A2C696A96000D464E /* CA_DailyNutView.swift in Sources */ = {isa = PBXBuildFile; fileRef = EB0EC2892C696A96000D464E /* CA_DailyNutView.swift */; };
		EB0EC28C2C696E6E000D464E /* CA_DailyNutsView.swift in Sources */ = {isa = PBXBuildFile; fileRef = EB0EC28B2C696E6E000D464E /* CA_DailyNutsView.swift */; };
		EB4026022C55B3A8006F1EF7 /* Extensions.swift in Sources */ = {isa = PBXBuildFile; fileRef = EB4026012C55B3A8006F1EF7 /* Extensions.swift */; };
		EB8B78612C0EBD96003675C4 /* CSIDAssistPlusApp.swift in Sources */ = {isa = PBXBuildFile; fileRef = EB8B78602C0EBD96003675C4 /* CSIDAssistPlusApp.swift */; };
		EB8B78652C0EBD98003675C4 /* Assets.xcassets in Resources */ = {isa = PBXBuildFile; fileRef = EB8B78642C0EBD98003675C4 /* Assets.xcassets */; };
		EB8B78682C0EBD98003675C4 /* Preview Assets.xcassets in Resources */ = {isa = PBXBuildFile; fileRef = EB8B78672C0EBD98003675C4 /* Preview Assets.xcassets */; };
		EB8B786F2C0EBDC6003675C4 /* HomeScreen.swift in Sources */ = {isa = PBXBuildFile; fileRef = EB8B786E2C0EBDC6003675C4 /* HomeScreen.swift */; };
		EB8B78C02C167CB9003675C4 /* HomeScreenViewModel.swift in Sources */ = {isa = PBXBuildFile; fileRef = EB8B78BF2C167CB9003675C4 /* HomeScreenViewModel.swift */; };
		EB8B78C22C16BFD3003675C4 /* CA_CarouselView.swift in Sources */ = {isa = PBXBuildFile; fileRef = EB8B78C12C16BFD3003675C4 /* CA_CarouselView.swift */; };
		EB8B78C42C17E8FE003675C4 /* CA_SearchBarView.swift in Sources */ = {isa = PBXBuildFile; fileRef = EB8B78C32C17E8FE003675C4 /* CA_SearchBarView.swift */; };
		EBB5E8D22C1A59DC00B76378 /* SearchResultCellView.swift in Sources */ = {isa = PBXBuildFile; fileRef = EBB5E8D12C1A59DC00B76378 /* SearchResultCellView.swift */; };
		EBB5E8D42C1E15AE00B76378 /* CA_TopDashboardView.swift in Sources */ = {isa = PBXBuildFile; fileRef = EBB5E8D32C1E15AE00B76378 /* CA_TopDashboardView.swift */; };
		EBB5E8D62C1E18AC00B76378 /* CA_SearchResultsView.swift in Sources */ = {isa = PBXBuildFile; fileRef = EBB5E8D52C1E18AC00B76378 /* CA_SearchResultsView.swift */; };
		EBB5E8D82C1E2A9600B76378 /* CA_AddButtonView.swift in Sources */ = {isa = PBXBuildFile; fileRef = EBB5E8D72C1E2A9600B76378 /* CA_AddButtonView.swift */; };
		EBB5E8DA2C1E6EEF00B76378 /* CA_DatabaseHelper.swift in Sources */ = {isa = PBXBuildFile; fileRef = EBB5E8D92C1E6EEF00B76378 /* CA_DatabaseHelper.swift */; };
		EBB5E8DC2C1E705B00B76378 /* CA_DatabaseQueryHelper.swift in Sources */ = {isa = PBXBuildFile; fileRef = EBB5E8DB2C1E705B00B76378 /* CA_DatabaseQueryHelper.swift */; };
		EBB5E8DF2C1E70DF00B76378 /* CA_USDAFoodModels.swift in Sources */ = {isa = PBXBuildFile; fileRef = EBB5E8DE2C1E70DF00B76378 /* CA_USDAFoodModels.swift */; };
		EBB5E8E42C1F2AB300B76378 /* CA_Singletons.swift in Sources */ = {isa = PBXBuildFile; fileRef = EBB5E8E32C1F2AB300B76378 /* CA_Singletons.swift */; };
		EBB5E8EE2C1FF54A00B76378 /* CA_HelpfulTipsModel.swift in Sources */ = {isa = PBXBuildFile; fileRef = EBB5E8ED2C1FF54A00B76378 /* CA_HelpfulTipsModel.swift */; };
		EBB5E8F02C21343900B76378 /* CA_CalendarDashboardView.swift in Sources */ = {isa = PBXBuildFile; fileRef = EBB5E8EF2C21343900B76378 /* CA_CalendarDashboardView.swift */; };
		EBD2DECB2C3722860009D59C /* CA_AddNewMealScreen.swift in Sources */ = {isa = PBXBuildFile; fileRef = EBD2DECA2C3722860009D59C /* CA_AddNewMealScreen.swift */; };
		EBF4102B2C30A12C0058CBFA /* CA_ProgressBarView.swift in Sources */ = {isa = PBXBuildFile; fileRef = EBF4102A2C30A12C0058CBFA /* CA_ProgressBarView.swift */; };
		EBF4102D2C319B3E0058CBFA /* CA_TypeWriterView.swift in Sources */ = {isa = PBXBuildFile; fileRef = EBF4102C2C319B3E0058CBFA /* CA_TypeWriterView.swift */; };
/* End PBXBuildFile section */

/* Begin PBXFileReference section */
		EB0EC22B2C5DFC2B000D464E /* CA_SortDropDownList.swift */ = {isa = PBXFileReference; lastKnownFileType = sourcecode.swift; path = CA_SortDropDownList.swift; sourceTree = "<group>"; };
		EB0EC2372C619718000D464E /* CSIDAssistPlusFoodDatabase.db */ = {isa = PBXFileReference; lastKnownFileType = file; path = CSIDAssistPlusFoodDatabase.db; sourceTree = "<group>"; };
		EB0EC2392C650CC5000D464E /* CA_ScopeButtonView.swift */ = {isa = PBXFileReference; lastKnownFileType = sourcecode.swift; path = CA_ScopeButtonView.swift; sourceTree = "<group>"; };
		EB0EC2872C696405000D464E /* CA_HipsterEncouragementView.swift */ = {isa = PBXFileReference; lastKnownFileType = sourcecode.swift; path = CA_HipsterEncouragementView.swift; sourceTree = "<group>"; };
		EB0EC2892C696A96000D464E /* CA_DailyNutView.swift */ = {isa = PBXFileReference; lastKnownFileType = sourcecode.swift; path = CA_DailyNutView.swift; sourceTree = "<group>"; };
		EB0EC28B2C696E6E000D464E /* CA_DailyNutsView.swift */ = {isa = PBXFileReference; lastKnownFileType = sourcecode.swift; path = CA_DailyNutsView.swift; sourceTree = "<group>"; };
		EB4026012C55B3A8006F1EF7 /* Extensions.swift */ = {isa = PBXFileReference; lastKnownFileType = sourcecode.swift; path = Extensions.swift; sourceTree = "<group>"; };
		EB8B785D2C0EBD96003675C4 /* CSIDAssistPlus.app */ = {isa = PBXFileReference; explicitFileType = wrapper.application; includeInIndex = 0; path = CSIDAssistPlus.app; sourceTree = BUILT_PRODUCTS_DIR; };
		EB8B78602C0EBD96003675C4 /* CSIDAssistPlusApp.swift */ = {isa = PBXFileReference; lastKnownFileType = sourcecode.swift; path = CSIDAssistPlusApp.swift; sourceTree = "<group>"; };
		EB8B78642C0EBD98003675C4 /* Assets.xcassets */ = {isa = PBXFileReference; lastKnownFileType = folder.assetcatalog; path = Assets.xcassets; sourceTree = "<group>"; };
		EB8B78672C0EBD98003675C4 /* Preview Assets.xcassets */ = {isa = PBXFileReference; lastKnownFileType = folder.assetcatalog; path = "Preview Assets.xcassets"; sourceTree = "<group>"; };
		EB8B786E2C0EBDC6003675C4 /* HomeScreen.swift */ = {isa = PBXFileReference; lastKnownFileType = sourcecode.swift; path = HomeScreen.swift; sourceTree = "<group>"; };
		EB8B78BF2C167CB9003675C4 /* HomeScreenViewModel.swift */ = {isa = PBXFileReference; lastKnownFileType = sourcecode.swift; path = HomeScreenViewModel.swift; sourceTree = "<group>"; };
		EB8B78C12C16BFD3003675C4 /* CA_CarouselView.swift */ = {isa = PBXFileReference; lastKnownFileType = sourcecode.swift; path = CA_CarouselView.swift; sourceTree = "<group>"; };
		EB8B78C32C17E8FE003675C4 /* CA_SearchBarView.swift */ = {isa = PBXFileReference; lastKnownFileType = sourcecode.swift; path = CA_SearchBarView.swift; sourceTree = "<group>"; };
		EBB5E8D12C1A59DC00B76378 /* SearchResultCellView.swift */ = {isa = PBXFileReference; lastKnownFileType = sourcecode.swift; path = SearchResultCellView.swift; sourceTree = "<group>"; };
		EBB5E8D32C1E15AE00B76378 /* CA_TopDashboardView.swift */ = {isa = PBXFileReference; lastKnownFileType = sourcecode.swift; path = CA_TopDashboardView.swift; sourceTree = "<group>"; };
		EBB5E8D52C1E18AC00B76378 /* CA_SearchResultsView.swift */ = {isa = PBXFileReference; lastKnownFileType = sourcecode.swift; path = CA_SearchResultsView.swift; sourceTree = "<group>"; };
		EBB5E8D72C1E2A9600B76378 /* CA_AddButtonView.swift */ = {isa = PBXFileReference; lastKnownFileType = sourcecode.swift; path = CA_AddButtonView.swift; sourceTree = "<group>"; };
		EBB5E8D92C1E6EEF00B76378 /* CA_DatabaseHelper.swift */ = {isa = PBXFileReference; lastKnownFileType = sourcecode.swift; path = CA_DatabaseHelper.swift; sourceTree = "<group>"; };
		EBB5E8DB2C1E705B00B76378 /* CA_DatabaseQueryHelper.swift */ = {isa = PBXFileReference; lastKnownFileType = sourcecode.swift; path = CA_DatabaseQueryHelper.swift; sourceTree = "<group>"; };
		EBB5E8DE2C1E70DF00B76378 /* CA_USDAFoodModels.swift */ = {isa = PBXFileReference; lastKnownFileType = sourcecode.swift; path = CA_USDAFoodModels.swift; sourceTree = "<group>"; };
		EBB5E8E32C1F2AB300B76378 /* CA_Singletons.swift */ = {isa = PBXFileReference; lastKnownFileType = sourcecode.swift; path = CA_Singletons.swift; sourceTree = "<group>"; };
		EBB5E8ED2C1FF54A00B76378 /* CA_HelpfulTipsModel.swift */ = {isa = PBXFileReference; lastKnownFileType = sourcecode.swift; path = CA_HelpfulTipsModel.swift; sourceTree = "<group>"; };
		EBB5E8EF2C21343900B76378 /* CA_CalendarDashboardView.swift */ = {isa = PBXFileReference; lastKnownFileType = sourcecode.swift; path = CA_CalendarDashboardView.swift; sourceTree = "<group>"; };
		EBD2DECA2C3722860009D59C /* CA_AddNewMealScreen.swift */ = {isa = PBXFileReference; lastKnownFileType = sourcecode.swift; path = CA_AddNewMealScreen.swift; sourceTree = "<group>"; };
		EBF4102A2C30A12C0058CBFA /* CA_ProgressBarView.swift */ = {isa = PBXFileReference; lastKnownFileType = sourcecode.swift; path = CA_ProgressBarView.swift; sourceTree = "<group>"; };
		EBF4102C2C319B3E0058CBFA /* CA_TypeWriterView.swift */ = {isa = PBXFileReference; lastKnownFileType = sourcecode.swift; path = CA_TypeWriterView.swift; sourceTree = "<group>"; };
/* End PBXFileReference section */

/* Begin PBXFrameworksBuildPhase section */
		EB8B785A2C0EBD96003675C4 /* Frameworks */ = {
			isa = PBXFrameworksBuildPhase;
			buildActionMask = 2147483647;
			files = (
			);
			runOnlyForDeploymentPostprocessing = 0;
		};
/* End PBXFrameworksBuildPhase section */

/* Begin PBXGroup section */
		EB8B78542C0EBD96003675C4 = {
			isa = PBXGroup;
			children = (
				EB8B785F2C0EBD96003675C4 /* CSIDAssistPlus */,
				EB8B785E2C0EBD96003675C4 /* Products */,
			);
			sourceTree = "<group>";
		};
		EB8B785E2C0EBD96003675C4 /* Products */ = {
			isa = PBXGroup;
			children = (
				EB8B785D2C0EBD96003675C4 /* CSIDAssistPlus.app */,
			);
			name = Products;
			sourceTree = "<group>";
		};
		EB8B785F2C0EBD96003675C4 /* CSIDAssistPlus */ = {
			isa = PBXGroup;
			children = (
				EBB5E8DD2C1E708700B76378 /* DatabaseManagement */,
				EB8B78C82C194F13003675C4 /* ViewModels */,
				EB8B78C72C194F04003675C4 /* Models */,
				EB8B78C62C194EF9003675C4 /* Screens */,
				EB8B78C52C194EE1003675C4 /* Views */,
				EB8B78602C0EBD96003675C4 /* CSIDAssistPlusApp.swift */,
				EB8B78642C0EBD98003675C4 /* Assets.xcassets */,
				EB8B78662C0EBD98003675C4 /* Preview Content */,
				EBB5E8E32C1F2AB300B76378 /* CA_Singletons.swift */,
				EB4026012C55B3A8006F1EF7 /* Extensions.swift */,
			);
			path = CSIDAssistPlus;
			sourceTree = "<group>";
		};
		EB8B78662C0EBD98003675C4 /* Preview Content */ = {
			isa = PBXGroup;
			children = (
				EB8B78672C0EBD98003675C4 /* Preview Assets.xcassets */,
			);
			path = "Preview Content";
			sourceTree = "<group>";
		};
		EB8B78C52C194EE1003675C4 /* Views */ = {
			isa = PBXGroup;
			children = (
				EB8B78C32C17E8FE003675C4 /* CA_SearchBarView.swift */,
				EB8B78C12C16BFD3003675C4 /* CA_CarouselView.swift */,
				EBB5E8D12C1A59DC00B76378 /* SearchResultCellView.swift */,
				EBB5E8D32C1E15AE00B76378 /* CA_TopDashboardView.swift */,
				EBB5E8D52C1E18AC00B76378 /* CA_SearchResultsView.swift */,
				EBB5E8D72C1E2A9600B76378 /* CA_AddButtonView.swift */,
				EBB5E8EF2C21343900B76378 /* CA_CalendarDashboardView.swift */,
				EBF4102A2C30A12C0058CBFA /* CA_ProgressBarView.swift */,
				EBF4102C2C319B3E0058CBFA /* CA_TypeWriterView.swift */,
				EB0EC22B2C5DFC2B000D464E /* CA_SortDropDownList.swift */,
				EB0EC2392C650CC5000D464E /* CA_ScopeButtonView.swift */,
				EB0EC2872C696405000D464E /* CA_HipsterEncouragementView.swift */,
				EB0EC2892C696A96000D464E /* CA_DailyNutView.swift */,
				EB0EC28B2C696E6E000D464E /* CA_DailyNutsView.swift */,
			);
			path = Views;
			sourceTree = "<group>";
		};
		EB8B78C62C194EF9003675C4 /* Screens */ = {
			isa = PBXGroup;
			children = (
				EB8B786E2C0EBDC6003675C4 /* HomeScreen.swift */,
				EBD2DECA2C3722860009D59C /* CA_AddNewMealScreen.swift */,
			);
			path = Screens;
			sourceTree = "<group>";
		};
		EB8B78C72C194F04003675C4 /* Models */ = {
			isa = PBXGroup;
			children = (
				EBB5E8DE2C1E70DF00B76378 /* CA_USDAFoodModels.swift */,
				EBB5E8ED2C1FF54A00B76378 /* CA_HelpfulTipsModel.swift */,
			);
			path = Models;
			sourceTree = "<group>";
		};
		EB8B78C82C194F13003675C4 /* ViewModels */ = {
			isa = PBXGroup;
			children = (
				EB8B78BF2C167CB9003675C4 /* HomeScreenViewModel.swift */,
			);
			path = ViewModels;
			sourceTree = "<group>";
		};
		EBB5E8DD2C1E708700B76378 /* DatabaseManagement */ = {
			isa = PBXGroup;
			children = (
				EB0EC2372C619718000D464E /* CSIDAssistPlusFoodDatabase.db */,
				EBB5E8D92C1E6EEF00B76378 /* CA_DatabaseHelper.swift */,
				EBB5E8DB2C1E705B00B76378 /* CA_DatabaseQueryHelper.swift */,
			);
			path = DatabaseManagement;
			sourceTree = "<group>";
		};
/* End PBXGroup section */

/* Begin PBXNativeTarget section */
		EB8B785C2C0EBD96003675C4 /* CSIDAssistPlus */ = {
			isa = PBXNativeTarget;
			buildConfigurationList = EB8B786B2C0EBD98003675C4 /* Build configuration list for PBXNativeTarget "CSIDAssistPlus" */;
			buildPhases = (
				EB8B78592C0EBD96003675C4 /* Sources */,
				EB8B785A2C0EBD96003675C4 /* Frameworks */,
				EB8B785B2C0EBD96003675C4 /* Resources */,
			);
			buildRules = (
			);
			dependencies = (
			);
			name = CSIDAssistPlus;
			productName = CSIDAssistPlus;
			productReference = EB8B785D2C0EBD96003675C4 /* CSIDAssistPlus.app */;
			productType = "com.apple.product-type.application";
		};
/* End PBXNativeTarget section */

/* Begin PBXProject section */
		EB8B78552C0EBD96003675C4 /* Project object */ = {
			isa = PBXProject;
			attributes = {
				BuildIndependentTargetsInParallel = 1;
				LastSwiftUpdateCheck = 1530;
				LastUpgradeCheck = 1530;
				TargetAttributes = {
					EB8B785C2C0EBD96003675C4 = {
						CreatedOnToolsVersion = 15.3;
					};
				};
			};
			buildConfigurationList = EB8B78582C0EBD96003675C4 /* Build configuration list for PBXProject "CSIDAssistPlus" */;
			compatibilityVersion = "Xcode 14.0";
			developmentRegion = en;
			hasScannedForEncodings = 0;
			knownRegions = (
				en,
				Base,
			);
			mainGroup = EB8B78542C0EBD96003675C4;
			productRefGroup = EB8B785E2C0EBD96003675C4 /* Products */;
			projectDirPath = "";
			projectRoot = "";
			targets = (
				EB8B785C2C0EBD96003675C4 /* CSIDAssistPlus */,
			);
		};
/* End PBXProject section */

/* Begin PBXResourcesBuildPhase section */
		EB8B785B2C0EBD96003675C4 /* Resources */ = {
			isa = PBXResourcesBuildPhase;
			buildActionMask = 2147483647;
			files = (
				EB0EC2382C619718000D464E /* CSIDAssistPlusFoodDatabase.db in Resources */,
				EB8B78682C0EBD98003675C4 /* Preview Assets.xcassets in Resources */,
				EB8B78652C0EBD98003675C4 /* Assets.xcassets in Resources */,
			);
			runOnlyForDeploymentPostprocessing = 0;
		};
/* End PBXResourcesBuildPhase section */

/* Begin PBXSourcesBuildPhase section */
		EB8B78592C0EBD96003675C4 /* Sources */ = {
			isa = PBXSourcesBuildPhase;
			buildActionMask = 2147483647;
			files = (
				EB0EC2882C696405000D464E /* CA_HipsterEncouragementView.swift in Sources */,
				EB0EC22C2C5DFC2B000D464E /* CA_SortDropDownList.swift in Sources */,
				EBB5E8DC2C1E705B00B76378 /* CA_DatabaseQueryHelper.swift in Sources */,
				EB0EC23A2C650CC5000D464E /* CA_ScopeButtonView.swift in Sources */,
				EB0EC28C2C696E6E000D464E /* CA_DailyNutsView.swift in Sources */,
				EBB5E8DA2C1E6EEF00B76378 /* CA_DatabaseHelper.swift in Sources */,
				EBB5E8E42C1F2AB300B76378 /* CA_Singletons.swift in Sources */,
				EBD2DECB2C3722860009D59C /* CA_AddNewMealScreen.swift in Sources */,
				EB8B78612C0EBD96003675C4 /* CSIDAssistPlusApp.swift in Sources */,
				EBB5E8D82C1E2A9600B76378 /* CA_AddButtonView.swift in Sources */,
				EBB5E8F02C21343900B76378 /* CA_CalendarDashboardView.swift in Sources */,
				EB4026022C55B3A8006F1EF7 /* Extensions.swift in Sources */,
				EB8B78C22C16BFD3003675C4 /* CA_CarouselView.swift in Sources */,
				EB8B78C02C167CB9003675C4 /* HomeScreenViewModel.swift in Sources */,
				EBB5E8DF2C1E70DF00B76378 /* CA_USDAFoodModels.swift in Sources */,
				EB0EC28A2C696A96000D464E /* CA_DailyNutView.swift in Sources */,
				EBB5E8EE2C1FF54A00B76378 /* CA_HelpfulTipsModel.swift in Sources */,
				EBB5E8D62C1E18AC00B76378 /* CA_SearchResultsView.swift in Sources */,
				EBF4102D2C319B3E0058CBFA /* CA_TypeWriterView.swift in Sources */,
				EBF4102B2C30A12C0058CBFA /* CA_ProgressBarView.swift in Sources */,
				EBB5E8D22C1A59DC00B76378 /* SearchResultCellView.swift in Sources */,
				EB8B786F2C0EBDC6003675C4 /* HomeScreen.swift in Sources */,
				EBB5E8D42C1E15AE00B76378 /* CA_TopDashboardView.swift in Sources */,
				EB8B78C42C17E8FE003675C4 /* CA_SearchBarView.swift in Sources */,
			);
			runOnlyForDeploymentPostprocessing = 0;
		};
/* End PBXSourcesBuildPhase section */

/* Begin XCBuildConfiguration section */
		EB8B78692C0EBD98003675C4 /* Debug */ = {
			isa = XCBuildConfiguration;
			buildSettings = {
				ALWAYS_SEARCH_USER_PATHS = NO;
				ASSETCATALOG_COMPILER_GENERATE_SWIFT_ASSET_SYMBOL_EXTENSIONS = YES;
				CLANG_ANALYZER_NONNULL = YES;
				CLANG_ANALYZER_NUMBER_OBJECT_CONVERSION = YES_AGGRESSIVE;
				CLANG_CXX_LANGUAGE_STANDARD = "gnu++20";
				CLANG_ENABLE_MODULES = YES;
				CLANG_ENABLE_OBJC_ARC = YES;
				CLANG_ENABLE_OBJC_WEAK = YES;
				CLANG_WARN_BLOCK_CAPTURE_AUTORELEASING = YES;
				CLANG_WARN_BOOL_CONVERSION = YES;
				CLANG_WARN_COMMA = YES;
				CLANG_WARN_CONSTANT_CONVERSION = YES;
				CLANG_WARN_DEPRECATED_OBJC_IMPLEMENTATIONS = YES;
				CLANG_WARN_DIRECT_OBJC_ISA_USAGE = YES_ERROR;
				CLANG_WARN_DOCUMENTATION_COMMENTS = YES;
				CLANG_WARN_EMPTY_BODY = YES;
				CLANG_WARN_ENUM_CONVERSION = YES;
				CLANG_WARN_INFINITE_RECURSION = YES;
				CLANG_WARN_INT_CONVERSION = YES;
				CLANG_WARN_NON_LITERAL_NULL_CONVERSION = YES;
				CLANG_WARN_OBJC_IMPLICIT_RETAIN_SELF = YES;
				CLANG_WARN_OBJC_LITERAL_CONVERSION = YES;
				CLANG_WARN_OBJC_ROOT_CLASS = YES_ERROR;
				CLANG_WARN_QUOTED_INCLUDE_IN_FRAMEWORK_HEADER = YES;
				CLANG_WARN_RANGE_LOOP_ANALYSIS = YES;
				CLANG_WARN_STRICT_PROTOTYPES = YES;
				CLANG_WARN_SUSPICIOUS_MOVE = YES;
				CLANG_WARN_UNGUARDED_AVAILABILITY = YES_AGGRESSIVE;
				CLANG_WARN_UNREACHABLE_CODE = YES;
				CLANG_WARN__DUPLICATE_METHOD_MATCH = YES;
				COPY_PHASE_STRIP = NO;
				DEBUG_INFORMATION_FORMAT = dwarf;
				ENABLE_STRICT_OBJC_MSGSEND = YES;
				ENABLE_TESTABILITY = YES;
				ENABLE_USER_SCRIPT_SANDBOXING = YES;
				GCC_C_LANGUAGE_STANDARD = gnu17;
				GCC_DYNAMIC_NO_PIC = NO;
				GCC_NO_COMMON_BLOCKS = YES;
				GCC_OPTIMIZATION_LEVEL = 0;
				GCC_PREPROCESSOR_DEFINITIONS = (
					"DEBUG=1",
					"$(inherited)",
				);
				GCC_WARN_64_TO_32_BIT_CONVERSION = YES;
				GCC_WARN_ABOUT_RETURN_TYPE = YES_ERROR;
				GCC_WARN_UNDECLARED_SELECTOR = YES;
				GCC_WARN_UNINITIALIZED_AUTOS = YES_AGGRESSIVE;
				GCC_WARN_UNUSED_FUNCTION = YES;
				GCC_WARN_UNUSED_VARIABLE = YES;
				IPHONEOS_DEPLOYMENT_TARGET = 17.4;
				LOCALIZATION_PREFERS_STRING_CATALOGS = YES;
				MTL_ENABLE_DEBUG_INFO = INCLUDE_SOURCE;
				MTL_FAST_MATH = YES;
				ONLY_ACTIVE_ARCH = YES;
				SDKROOT = iphoneos;
				SWIFT_ACTIVE_COMPILATION_CONDITIONS = "DEBUG $(inherited)";
				SWIFT_OPTIMIZATION_LEVEL = "-Onone";
			};
			name = Debug;
		};
		EB8B786A2C0EBD98003675C4 /* Release */ = {
			isa = XCBuildConfiguration;
			buildSettings = {
				ALWAYS_SEARCH_USER_PATHS = NO;
				ASSETCATALOG_COMPILER_GENERATE_SWIFT_ASSET_SYMBOL_EXTENSIONS = YES;
				CLANG_ANALYZER_NONNULL = YES;
				CLANG_ANALYZER_NUMBER_OBJECT_CONVERSION = YES_AGGRESSIVE;
				CLANG_CXX_LANGUAGE_STANDARD = "gnu++20";
				CLANG_ENABLE_MODULES = YES;
				CLANG_ENABLE_OBJC_ARC = YES;
				CLANG_ENABLE_OBJC_WEAK = YES;
				CLANG_WARN_BLOCK_CAPTURE_AUTORELEASING = YES;
				CLANG_WARN_BOOL_CONVERSION = YES;
				CLANG_WARN_COMMA = YES;
				CLANG_WARN_CONSTANT_CONVERSION = YES;
				CLANG_WARN_DEPRECATED_OBJC_IMPLEMENTATIONS = YES;
				CLANG_WARN_DIRECT_OBJC_ISA_USAGE = YES_ERROR;
				CLANG_WARN_DOCUMENTATION_COMMENTS = YES;
				CLANG_WARN_EMPTY_BODY = YES;
				CLANG_WARN_ENUM_CONVERSION = YES;
				CLANG_WARN_INFINITE_RECURSION = YES;
				CLANG_WARN_INT_CONVERSION = YES;
				CLANG_WARN_NON_LITERAL_NULL_CONVERSION = YES;
				CLANG_WARN_OBJC_IMPLICIT_RETAIN_SELF = YES;
				CLANG_WARN_OBJC_LITERAL_CONVERSION = YES;
				CLANG_WARN_OBJC_ROOT_CLASS = YES_ERROR;
				CLANG_WARN_QUOTED_INCLUDE_IN_FRAMEWORK_HEADER = YES;
				CLANG_WARN_RANGE_LOOP_ANALYSIS = YES;
				CLANG_WARN_STRICT_PROTOTYPES = YES;
				CLANG_WARN_SUSPICIOUS_MOVE = YES;
				CLANG_WARN_UNGUARDED_AVAILABILITY = YES_AGGRESSIVE;
				CLANG_WARN_UNREACHABLE_CODE = YES;
				CLANG_WARN__DUPLICATE_METHOD_MATCH = YES;
				COPY_PHASE_STRIP = NO;
				DEBUG_INFORMATION_FORMAT = "dwarf-with-dsym";
				ENABLE_NS_ASSERTIONS = NO;
				ENABLE_STRICT_OBJC_MSGSEND = YES;
				ENABLE_USER_SCRIPT_SANDBOXING = YES;
				GCC_C_LANGUAGE_STANDARD = gnu17;
				GCC_NO_COMMON_BLOCKS = YES;
				GCC_WARN_64_TO_32_BIT_CONVERSION = YES;
				GCC_WARN_ABOUT_RETURN_TYPE = YES_ERROR;
				GCC_WARN_UNDECLARED_SELECTOR = YES;
				GCC_WARN_UNINITIALIZED_AUTOS = YES_AGGRESSIVE;
				GCC_WARN_UNUSED_FUNCTION = YES;
				GCC_WARN_UNUSED_VARIABLE = YES;
				IPHONEOS_DEPLOYMENT_TARGET = 17.4;
				LOCALIZATION_PREFERS_STRING_CATALOGS = YES;
				MTL_ENABLE_DEBUG_INFO = NO;
				MTL_FAST_MATH = YES;
				SDKROOT = iphoneos;
				SWIFT_COMPILATION_MODE = wholemodule;
				VALIDATE_PRODUCT = YES;
			};
			name = Release;
		};
		EB8B786C2C0EBD98003675C4 /* Debug */ = {
			isa = XCBuildConfiguration;
			buildSettings = {
				ASSETCATALOG_COMPILER_APPICON_NAME = AppIcon;
				ASSETCATALOG_COMPILER_GLOBAL_ACCENT_COLOR_NAME = AccentColor;
				CODE_SIGN_STYLE = Automatic;
				CURRENT_PROJECT_VERSION = 1;
				DEVELOPMENT_ASSET_PATHS = "\"CSIDAssistPlus/Preview Content\"";
				DEVELOPMENT_TEAM = 2YSQD8TR77;
				ENABLE_PREVIEWS = YES;
				GENERATE_INFOPLIST_FILE = YES;
				INFOPLIST_KEY_UIApplicationSceneManifest_Generation = YES;
				INFOPLIST_KEY_UIApplicationSupportsIndirectInputEvents = YES;
				INFOPLIST_KEY_UILaunchScreen_Generation = YES;
				INFOPLIST_KEY_UIStatusBarStyle = "";
				INFOPLIST_KEY_UISupportedInterfaceOrientations_iPad = "UIInterfaceOrientationPortrait UIInterfaceOrientationPortraitUpsideDown";
				INFOPLIST_KEY_UISupportedInterfaceOrientations_iPhone = UIInterfaceOrientationPortrait;
				LD_RUNPATH_SEARCH_PATHS = (
					"$(inherited)",
					"@executable_path/Frameworks",
				);
				MARKETING_VERSION = 1.0;
				PRODUCT_BUNDLE_IDENTIFIER = "Vince-Muller.CSIDAssistPlus";
				PRODUCT_NAME = "$(TARGET_NAME)";
				SWIFT_EMIT_LOC_STRINGS = YES;
				SWIFT_VERSION = 6.0;
				TARGETED_DEVICE_FAMILY = "1,2";
			};
			name = Debug;
		};
		EB8B786D2C0EBD98003675C4 /* Release */ = {
			isa = XCBuildConfiguration;
			buildSettings = {
				ASSETCATALOG_COMPILER_APPICON_NAME = AppIcon;
				ASSETCATALOG_COMPILER_GLOBAL_ACCENT_COLOR_NAME = AccentColor;
				CODE_SIGN_STYLE = Automatic;
				CURRENT_PROJECT_VERSION = 1;
				DEVELOPMENT_ASSET_PATHS = "\"CSIDAssistPlus/Preview Content\"";
				DEVELOPMENT_TEAM = 2YSQD8TR77;
				ENABLE_PREVIEWS = YES;
				GENERATE_INFOPLIST_FILE = YES;
				INFOPLIST_KEY_UIApplicationSceneManifest_Generation = YES;
				INFOPLIST_KEY_UIApplicationSupportsIndirectInputEvents = YES;
				INFOPLIST_KEY_UILaunchScreen_Generation = YES;
				INFOPLIST_KEY_UIStatusBarStyle = "";
				INFOPLIST_KEY_UISupportedInterfaceOrientations_iPad = "UIInterfaceOrientationPortrait UIInterfaceOrientationPortraitUpsideDown";
				INFOPLIST_KEY_UISupportedInterfaceOrientations_iPhone = UIInterfaceOrientationPortrait;
				LD_RUNPATH_SEARCH_PATHS = (
					"$(inherited)",
					"@executable_path/Frameworks",
				);
				MARKETING_VERSION = 1.0;
				PRODUCT_BUNDLE_IDENTIFIER = "Vince-Muller.CSIDAssistPlus";
				PRODUCT_NAME = "$(TARGET_NAME)";
				SWIFT_EMIT_LOC_STRINGS = YES;
				SWIFT_VERSION = 6.0;
				TARGETED_DEVICE_FAMILY = "1,2";
			};
			name = Release;
		};
/* End XCBuildConfiguration section */

/* Begin XCConfigurationList section */
		EB8B78582C0EBD96003675C4 /* Build configuration list for PBXProject "CSIDAssistPlus" */ = {
			isa = XCConfigurationList;
			buildConfigurations = (
				EB8B78692C0EBD98003675C4 /* Debug */,
				EB8B786A2C0EBD98003675C4 /* Release */,
			);
			defaultConfigurationIsVisible = 0;
			defaultConfigurationName = Release;
		};
		EB8B786B2C0EBD98003675C4 /* Build configuration list for PBXNativeTarget "CSIDAssistPlus" */ = {
			isa = XCConfigurationList;
			buildConfigurations = (
				EB8B786C2C0EBD98003675C4 /* Debug */,
				EB8B786D2C0EBD98003675C4 /* Release */,
			);
			defaultConfigurationIsVisible = 0;
			defaultConfigurationName = Release;
		};
/* End XCConfigurationList section */
	};
	rootObject = EB8B78552C0EBD96003675C4 /* Project object */;
}
